
Microsoft Visual Studio Solution File, Format Version 9.00
# Visual Studio 2005
Project("{8BC9CEB8-8B4A-11D0-8D11-00A0C91BC942}") = "SolarGraphicsLibDemo", "SolarGraphicsLibDemo.vcproj", "{54E58FB9-1161-4E71-8834-39CD1BC800FB}"
EndProject
Global
	GlobalSection(SolutionConfigurationPlatforms) = preSolution
		Debug|Win32 = Debug|Win32
		Release|Win32 = Release|Win32
	EndGlobalSection
	GlobalSection(ProjectConfigurationPlatforms) = postSolution
		{54E58FB9-1161-4E71-8834-39CD1BC800FB}.Debug|Win32.ActiveCfg = Debug|Win32
		{54E58FB9-1161-4E71-8834-39CD1BC800FB}.Debug|Win32.Build.0 = Debug|Win32
		{54E58FB9-1161-4E71-8834-39CD1BC800FB}.Release|Win32.ActiveCfg = Release|Win32
		{54E58FB9-1161-4E71-8834-39CD1BC800FB}.Release|Win32.Build.0 = Release|Win32
	EndGlobalSection
	GlobalSection(SolutionProperties) = preSolution
		HideSolutionNode = FALSE
	EndGlobalSection
EndGlobal
